
Microsoft Visual Studio Solution File, Format Version 11.00
# Visual Studio 2010
Project("{FAE04EC0-301F-11D3-BF4B-00C04F79EFBC}") = "SudokuSolver", "SudokuSolver.csproj", "{FE2F5BE1-17AC-4EDF-857A-A715976C6DE8}"
EndProject
Project("{FAE04EC0-301F-11D3-BF4B-00C04F79EFBC}") = "SudokuSolverTest", "..\SudokuSolverTest\SudokuSolverTest.csproj", "{EB0C739A-2A7C-4C6F-A825-BB985F157662}"
EndProject
Global
	GlobalSection(SolutionConfigurationPlatforms) = preSolution
		Debug|Any CPU = Debug|Any CPU
		Release|Any CPU = Release|Any CPU
	EndGlobalSection
	GlobalSection(ProjectConfigurationPlatforms) = postSolution
		{FE2F5BE1-17AC-4EDF-857A-A715976C6DE8}.Debug|Any CPU.ActiveCfg = Debug|Any CPU
		{FE2F5BE1-17AC-4EDF-857A-A715976C6DE8}.Debug|Any CPU.Build.0 = Debug|Any CPU
		{FE2F5BE1-17AC-4EDF-857A-A715976C6DE8}.Release|Any CPU.ActiveCfg = Release|Any CPU
		{FE2F5BE1-17AC-4EDF-857A-A715976C6DE8}.Release|Any CPU.Build.0 = Release|Any CPU
		{EB0C739A-2A7C-4C6F-A825-BB985F157662}.Debug|Any CPU.ActiveCfg = Debug|Any CPU
		{EB0C739A-2A7C-4C6F-A825-BB985F157662}.Debug|Any CPU.Build.0 = Debug|Any CPU
		{EB0C739A-2A7C-4C6F-A825-BB985F157662}.Release|Any CPU.ActiveCfg = Release|Any CPU
		{EB0C739A-2A7C-4C6F-A825-BB985F157662}.Release|Any CPU.Build.0 = Release|Any CPU
	EndGlobalSection
	GlobalSection(SolutionProperties) = preSolution
		HideSolutionNode = FALSE
	EndGlobalSection
EndGlobal
